# This file is automatically @generated by Cargo.
# It is not intended for manual editing.
version = 3

[[package]]
name = "my_random_project"
version = "0.1.0"
dependencies = [
    "reqwest",
    "serde",
    "tokio",
]

[[package]]
name = "reqwest"
version = "0.11.24"
source = "registry+https://github.com/rust-lang/crates.io-index"
checksum = "0123456789abcdef0123456789abcdef0123456789abcdef0123456789abcdef"
dependencies = [
    "bytes",
    "futures-core",
    "http",
    "hyper",
    "serde",
    "serde_json",
    "tokio",
    "tokio-native-tls",
]

[[package]]
name = "serde"
version = "1.0.197"
source = "registry+https://github.com/rust-lang/crates.io-index"
checksum = "fedcba9876543210fedcba9876543210fedcba9876543210fedcba9876543210"

[[package]]
name = "tokio"
version = "1.36.0"
source = "registry+https://github.com/rust-lang/crates.io-index"
checksum = "abcdefabcdefabcdefabcdefabcdefabcdefabcdefabcdefabcdefabcdefabcd"
dependencies = [
    "bytes",
    "parking_lot",
    "pin-project-lite",
]

[[package]]
name = "bytes"
version = "1.5.0"
source = "registry+https://github.com/rust-lang/crates.io-index"
checksum = "00112233445566778899aabbccddeeff00112233445566778899aabbccddeeff"

[[package]]
name = "http"
version = "0.2.9"
source = "registry+https://github.com/rust-lang/crates.io-index"
checksum = "aabbccddeeff00112233445566778899aabbccddeeff00112233445566778899"

[[package]]
name = "hyper"
version = "0.14.27"
source = "registry+https://github.com/rust-lang/crates.io-index"
checksum = "cafebabecafebabecafebabecafebabecafebabecafebabecafebabecafebabe"
dependencies = [
    "bytes",
    "http",
    "tokio",
]

[[package]]
name = "serde_json"
version = "1.0.114"
source = "registry+https://github.com/rust-lang/crates.io-index"
checksum = "1234567812345678123456781234567812345678123456781234567812345678"
dependencies = [
    "itoa",
    "ryu",
    "serde",
]

[[package]]
name = "tokio-native-tls"
version = "0.3.1"
source = "registry+https://github.com/rust-lang/crates.io-index"
checksum = "9999999999999999999999999999999999999999999999999999999999999999"
dependencies = [
    "native-tls",
    "tokio",
]

# ... you can add more mock packages here if needed
